
Microsoft Visual Studio Solution File, Format Version 12.00
# Visual Studio Version 17
VisualStudioVersion = 17.7.34031.279
MinimumVisualStudioVersion = 10.0.40219.1
Project("{9A19103F-16F7-4668-BE54-9A1E7A4F7556}") = "Entity", "Entity\Entity.csproj", "{907B7C9D-96F3-4EA1-B5ED-2D6AA51A6567}"
EndProject
Project("{9A19103F-16F7-4668-BE54-9A1E7A4F7556}") = "DataAccess", "Repository\DataAccess.csproj", "{56241631-B5BC-4F7D-B4DE-678630A11173}"
EndProject
Project("{9A19103F-16F7-4668-BE54-9A1E7A4F7556}") = "Business", "Service\Business.csproj", "{84F68EEE-667A-4DD3-9653-8EAE3648540B}"
EndProject
Project("{9A19103F-16F7-4668-BE54-9A1E7A4F7556}") = "API", "API\API.csproj", "{42AFC5EB-10C8-4030-B84F-6881AD42D1E9}"
EndProject
Project("{FAE04EC0-301F-11D3-BF4B-00C04F79EFBC}") = "Core", "Core\Core.csproj", "{0A7900A7-FA58-41C7-BEDD-098FC5BA2B91}"
EndProject
Global
	GlobalSection(SolutionConfigurationPlatforms) = preSolution
		Debug|Any CPU = Debug|Any CPU
		Release|Any CPU = Release|Any CPU
	EndGlobalSection
	GlobalSection(ProjectConfigurationPlatforms) = postSolution
		{907B7C9D-96F3-4EA1-B5ED-2D6AA51A6567}.Debug|Any CPU.ActiveCfg = Debug|Any CPU
		{907B7C9D-96F3-4EA1-B5ED-2D6AA51A6567}.Debug|Any CPU.Build.0 = Debug|Any CPU
		{907B7C9D-96F3-4EA1-B5ED-2D6AA51A6567}.Release|Any CPU.ActiveCfg = Release|Any CPU
		{907B7C9D-96F3-4EA1-B5ED-2D6AA51A6567}.Release|Any CPU.Build.0 = Release|Any CPU
		{56241631-B5BC-4F7D-B4DE-678630A11173}.Debug|Any CPU.ActiveCfg = Debug|Any CPU
		{56241631-B5BC-4F7D-B4DE-678630A11173}.Debug|Any CPU.Build.0 = Debug|Any CPU
		{56241631-B5BC-4F7D-B4DE-678630A11173}.Release|Any CPU.ActiveCfg = Release|Any CPU
		{56241631-B5BC-4F7D-B4DE-678630A11173}.Release|Any CPU.Build.0 = Release|Any CPU
		{84F68EEE-667A-4DD3-9653-8EAE3648540B}.Debug|Any CPU.ActiveCfg = Debug|Any CPU
		{84F68EEE-667A-4DD3-9653-8EAE3648540B}.Debug|Any CPU.Build.0 = Debug|Any CPU
		{84F68EEE-667A-4DD3-9653-8EAE3648540B}.Release|Any CPU.ActiveCfg = Release|Any CPU
		{84F68EEE-667A-4DD3-9653-8EAE3648540B}.Release|Any CPU.Build.0 = Release|Any CPU
		{42AFC5EB-10C8-4030-B84F-6881AD42D1E9}.Debug|Any CPU.ActiveCfg = Debug|Any CPU
		{42AFC5EB-10C8-4030-B84F-6881AD42D1E9}.Debug|Any CPU.Build.0 = Debug|Any CPU
		{42AFC5EB-10C8-4030-B84F-6881AD42D1E9}.Release|Any CPU.ActiveCfg = Release|Any CPU
		{42AFC5EB-10C8-4030-B84F-6881AD42D1E9}.Release|Any CPU.Build.0 = Release|Any CPU
		{0A7900A7-FA58-41C7-BEDD-098FC5BA2B91}.Debug|Any CPU.ActiveCfg = Debug|Any CPU
		{0A7900A7-FA58-41C7-BEDD-098FC5BA2B91}.Debug|Any CPU.Build.0 = Debug|Any CPU
		{0A7900A7-FA58-41C7-BEDD-098FC5BA2B91}.Release|Any CPU.ActiveCfg = Release|Any CPU
		{0A7900A7-FA58-41C7-BEDD-098FC5BA2B91}.Release|Any CPU.Build.0 = Release|Any CPU
	EndGlobalSection
	GlobalSection(SolutionProperties) = preSolution
		HideSolutionNode = FALSE
	EndGlobalSection
	GlobalSection(ExtensibilityGlobals) = postSolution
		SolutionGuid = {428115AC-8D59-45E8-91BF-0FC2FA440498}
	EndGlobalSection
EndGlobal
